
Microsoft Visual Studio Solution File, Format Version 12.00
# Visual Studio Version 17
VisualStudioVersion = 17.9.34622.214
MinimumVisualStudioVersion = 10.0.40219.1
Project("{9A19103F-16F7-4668-BE54-9A1E7A4F7556}") = "FlowerLovers.Web", "FlowerLovers.Web.csproj", "{383E665E-D918-41DE-AEAE-CBBBA546B829}"
EndProject
Project("{9A19103F-16F7-4668-BE54-9A1E7A4F7556}") = "FlowerLovers.Data", "..\FlowerLovers.Data\FlowerLovers.Data.csproj", "{38BD7390-203B-4365-B069-8C9D675394C8}"
EndProject
Project("{9A19103F-16F7-4668-BE54-9A1E7A4F7556}") = "FlowerLovers.Core", "..\FlowerLovers.Core\FlowerLovers.Core.csproj", "{D9F7873F-362F-4A8C-8447-892AE37FB9B2}"
EndProject
Global
	GlobalSection(SolutionConfigurationPlatforms) = preSolution
		Debug|Any CPU = Debug|Any CPU
		Release|Any CPU = Release|Any CPU
	EndGlobalSection
	GlobalSection(ProjectConfigurationPlatforms) = postSolution
		{383E665E-D918-41DE-AEAE-CBBBA546B829}.Debug|Any CPU.ActiveCfg = Debug|Any CPU
		{383E665E-D918-41DE-AEAE-CBBBA546B829}.Debug|Any CPU.Build.0 = Debug|Any CPU
		{383E665E-D918-41DE-AEAE-CBBBA546B829}.Release|Any CPU.ActiveCfg = Release|Any CPU
		{383E665E-D918-41DE-AEAE-CBBBA546B829}.Release|Any CPU.Build.0 = Release|Any CPU
		{38BD7390-203B-4365-B069-8C9D675394C8}.Debug|Any CPU.ActiveCfg = Debug|Any CPU
		{38BD7390-203B-4365-B069-8C9D675394C8}.Debug|Any CPU.Build.0 = Debug|Any CPU
		{38BD7390-203B-4365-B069-8C9D675394C8}.Release|Any CPU.ActiveCfg = Release|Any CPU
		{38BD7390-203B-4365-B069-8C9D675394C8}.Release|Any CPU.Build.0 = Release|Any CPU
		{D9F7873F-362F-4A8C-8447-892AE37FB9B2}.Debug|Any CPU.ActiveCfg = Debug|Any CPU
		{D9F7873F-362F-4A8C-8447-892AE37FB9B2}.Debug|Any CPU.Build.0 = Debug|Any CPU
		{D9F7873F-362F-4A8C-8447-892AE37FB9B2}.Release|Any CPU.ActiveCfg = Release|Any CPU
		{D9F7873F-362F-4A8C-8447-892AE37FB9B2}.Release|Any CPU.Build.0 = Release|Any CPU
	EndGlobalSection
	GlobalSection(SolutionProperties) = preSolution
		HideSolutionNode = FALSE
	EndGlobalSection
	GlobalSection(ExtensibilityGlobals) = postSolution
		SolutionGuid = {1CE90FD9-3F7F-496E-84BD-60B34B916892}
	EndGlobalSection
EndGlobal
